Microsoft Visual Studio Solution File, Format Version 12.00
# Visual Studio Version 16
VisualStudioVersion = 16.0.0.0
MinimumVisualStudioVersion = 16.0.0.0
Project("{9A19103F-16F7-4668-BE54-9A1E7A4F7556}") = "TinyMCEPlayground.Server", "Server\TinyMCEPlayground.Server.csproj", "{37A6964F-F11E-4F55-81DC-883B4803AC85}"
EndProject
Project("{9A19103F-16F7-4668-BE54-9A1E7A4F7556}") = "TinyMCEPlayground.Client", "Client\TinyMCEPlayground.Client.csproj", "{83773457-5959-4ABA-AE87-C73E17B81CC6}"
EndProject
Project("{9A19103F-16F7-4668-BE54-9A1E7A4F7556}") = "TinyMCEPlayground.Shared", "Shared\TinyMCEPlayground.Shared.csproj", "{6E34D1D0-4752-4E1B-8184-90E1A7E8A4B8}"
EndProject
Global
	GlobalSection(SolutionConfigurationPlatforms) = preSolution
		Debug|Any CPU = Debug|Any CPU
		Debug|x64 = Debug|x64
		Debug|x86 = Debug|x86
		Release|Any CPU = Release|Any CPU
		Release|x64 = Release|x64
		Release|x86 = Release|x86
	EndGlobalSection
	GlobalSection(ProjectConfigurationPlatforms) = postSolution
		{83773457-5959-4ABA-AE87-C73E17B81CC6}.Debug|Any CPU.ActiveCfg = Debug|Any CPU
		{83773457-5959-4ABA-AE87-C73E17B81CC6}.Debug|Any CPU.Build.0 = Debug|Any CPU
		{83773457-5959-4ABA-AE87-C73E17B81CC6}.Debug|x64.ActiveCfg = Debug|Any CPU
		{83773457-5959-4ABA-AE87-C73E17B81CC6}.Debug|x64.Build.0 = Debug|Any CPU
		{83773457-5959-4ABA-AE87-C73E17B81CC6}.Debug|x86.ActiveCfg = Debug|Any CPU
		{83773457-5959-4ABA-AE87-C73E17B81CC6}.Debug|x86.Build.0 = Debug|Any CPU
		{83773457-5959-4ABA-AE87-C73E17B81CC6}.Release|Any CPU.ActiveCfg = Release|Any CPU
		{83773457-5959-4ABA-AE87-C73E17B81CC6}.Release|Any CPU.Build.0 = Release|Any CPU
		{83773457-5959-4ABA-AE87-C73E17B81CC6}.Release|x64.ActiveCfg = Release|Any CPU
		{83773457-5959-4ABA-AE87-C73E17B81CC6}.Release|x64.Build.0 = Release|Any CPU
		{83773457-5959-4ABA-AE87-C73E17B81CC6}.Release|x86.ActiveCfg = Release|Any CPU
		{83773457-5959-4ABA-AE87-C73E17B81CC6}.Release|x86.Build.0 = Release|Any CPU
		{37A6964F-F11E-4F55-81DC-883B4803AC85}.Debug|Any CPU.ActiveCfg = Debug|Any CPU
		{37A6964F-F11E-4F55-81DC-883B4803AC85}.Debug|Any CPU.Build.0 = Debug|Any CPU
		{37A6964F-F11E-4F55-81DC-883B4803AC85}.Debug|x64.ActiveCfg = Debug|Any CPU
		{37A6964F-F11E-4F55-81DC-883B4803AC85}.Debug|x64.Build.0 = Debug|Any CPU
		{37A6964F-F11E-4F55-81DC-883B4803AC85}.Debug|x86.ActiveCfg = Debug|Any CPU
		{37A6964F-F11E-4F55-81DC-883B4803AC85}.Debug|x86.Build.0 = Debug|Any CPU
		{37A6964F-F11E-4F55-81DC-883B4803AC85}.Release|Any CPU.ActiveCfg = Release|Any CPU
		{37A6964F-F11E-4F55-81DC-883B4803AC85}.Release|Any CPU.Build.0 = Release|Any CPU
		{37A6964F-F11E-4F55-81DC-883B4803AC85}.Release|x64.ActiveCfg = Release|Any CPU
		{37A6964F-F11E-4F55-81DC-883B4803AC85}.Release|x64.Build.0 = Release|Any CPU
		{37A6964F-F11E-4F55-81DC-883B4803AC85}.Release|x86.ActiveCfg = Release|Any CPU
		{37A6964F-F11E-4F55-81DC-883B4803AC85}.Release|x86.Build.0 = Release|Any CPU
		{6E34D1D0-4752-4E1B-8184-90E1A7E8A4B8}.Debug|Any CPU.ActiveCfg = Debug|Any CPU
		{6E34D1D0-4752-4E1B-8184-90E1A7E8A4B8}.Debug|Any CPU.Build.0 = Debug|Any CPU
		{6E34D1D0-4752-4E1B-8184-90E1A7E8A4B8}.Debug|x64.ActiveCfg = Debug|Any CPU
		{6E34D1D0-4752-4E1B-8184-90E1A7E8A4B8}.Debug|x64.Build.0 = Debug|Any CPU
		{6E34D1D0-4752-4E1B-8184-90E1A7E8A4B8}.Debug|x86.ActiveCfg = Debug|Any CPU
		{6E34D1D0-4752-4E1B-8184-90E1A7E8A4B8}.Debug|x86.Build.0 = Debug|Any CPU
		{6E34D1D0-4752-4E1B-8184-90E1A7E8A4B8}.Release|Any CPU.ActiveCfg = Release|Any CPU
		{6E34D1D0-4752-4E1B-8184-90E1A7E8A4B8}.Release|Any CPU.Build.0 = Release|Any CPU
		{6E34D1D0-4752-4E1B-8184-90E1A7E8A4B8}.Release|x64.ActiveCfg = Release|Any CPU
		{6E34D1D0-4752-4E1B-8184-90E1A7E8A4B8}.Release|x64.Build.0 = Release|Any CPU
		{6E34D1D0-4752-4E1B-8184-90E1A7E8A4B8}.Release|x86.ActiveCfg = Release|Any CPU
		{6E34D1D0-4752-4E1B-8184-90E1A7E8A4B8}.Release|x86.Build.0 = Release|Any CPU
	EndGlobalSection
	GlobalSection(SolutionProperties) = preSolution
		HideSolutionNode = FALSE
	EndGlobalSection
	GlobalSection(ExtensibilityGlobals) = postSolution
		SolutionGuid = {535F1E26-EEEB-434A-9797-4A6456C02853}
	EndGlobalSection
EndGlobal